{
  "name": "contracts",
  "version": "1.0.0",
  "lockfileVersion": 3,
  "requires": true,
  "packages": {
    "": {
      "name": "contracts",
      "version": "1.0.0",
      "license": "ISC",
      "dependencies": {
        "@synthetixio/core-contracts": "^3.3.19",
        "@synthetixio/core-modules": "^3.3.19"
      }
    },
    "node_modules/@synthetixio/core-contracts": {
      "version": "3.3.19",
      "resolved": "https://registry.npmjs.org/@synthetixio/core-contracts/-/core-contracts-3.3.19.tgz",
      "integrity": "sha512-9D72IXBOuDchcVOiMwL9aQQyyoObCYfuvDN6ccC1UTzBZYsj6fT3QKJ+DYjULQNGObM1FjAnfe4r8u0gUZRYJg==",
      "license": "MIT"
    },
    "node_modules/@synthetixio/core-modules": {
      "version": "3.3.19",
      "resolved": "https://registry.npmjs.org/@synthetixio/core-modules/-/core-modules-3.3.19.tgz",
      "integrity": "sha512-HmqZ806pt9SvqOR19vUg6y2it3nQBdos/+rFDCOn/O2Iv5rAZGLRPA9+149LU0R1w0wJ19G6cNUzg76mRlObMw==",
      "license": "MIT"
    }
  }
}
